{
  "requires": true,
  "lockfileVersion": 1,
  "dependencies": {
    "@babel/helper-plugin-utils": {
      "version": "7.13.0",
      "resolved": "https://registry.npmjs.org/@babel/helper-plugin-utils/-/helper-plugin-utils-7.13.0.tgz",
      "integrity": "sha512-ZPafIPSwzUlAoWT8DKs1W2VyF2gOWthGd5NGFMsBcMMol+ZhK+EQY/e6V96poa6PA/Bh+C9plWN0hXO1uB8AfQ=="
    },
    "@babel/plugin-proposal-throw-expressions": {
      "version": "7.12.13",
      "resolved": "https://registry.npmjs.org/@babel/plugin-proposal-throw-expressions/-/plugin-proposal-throw-expressions-7.12.13.tgz",
      "integrity": "sha512-zhItTJGy2xLYneBdOk9CeyuEXWJt9J+pwTEIDl+A/VKMCq6E9ij3l1RRuTYBwtktTO9bCcIfA4/+d0HibVWSEA==",
      "requires": {
        "@babel/helper-plugin-utils": "^7.12.13",
        "@babel/plugin-syntax-throw-expressions": "^7.12.13"
      }
    },
    "@babel/plugin-syntax-throw-expressions": {
      "version": "7.12.13",
      "resolved": "https://registry.npmjs.org/@babel/plugin-syntax-throw-expressions/-/plugin-syntax-throw-expressions-7.12.13.tgz",
      "integrity": "sha512-vbpx/IxHR3qqWEfYeiVLq4+RFj2F4GjsMzoXEx/YU/pgmTA6o7T92DQHWIeetg7msKQFnyG1PwmPLWMlAn+Fmg==",
      "requires": {
        "@babel/helper-plugin-utils": "^7.12.13"
      }
    },
    "@types/cookie": {
      "version": "0.3.3",
      "resolved": "https://registry.npmjs.org/@types/cookie/-/cookie-0.3.3.tgz",
      "integrity": "sha512-LKVP3cgXBT9RYj+t+9FDKwS5tdI+rPBXaNSkma7hvqy35lc7mAokC2zsqWJH0LaqIt3B962nuYI77hsJoT1gow=="
    },
    "cookie": {
      "version": "0.4.1",
      "resolved": "https://registry.npmjs.org/cookie/-/cookie-0.4.1.tgz",
      "integrity": "sha512-ZwrFkGJxUR3EIoXtO+yVE69Eb7KlixbaeAWfBQB9vVsNn/o+Yw69gBWSSDK825hQNdN+wF8zELf3dFNl/kxkUA=="
    },
    "universal-cookie": {
      "version": "4.0.4",
      "resolved": "https://registry.npmjs.org/universal-cookie/-/universal-cookie-4.0.4.tgz",
      "integrity": "sha512-lbRVHoOMtItjWbM7TwDLdl8wug7izB0tq3/YVKhT/ahB4VDvWMyvnADfnJI8y6fSvsjh51Ix7lTGC6Tn4rMPhw==",
      "requires": {
        "@types/cookie": "^0.3.3",
        "cookie": "^0.4.0"
      }
    }
  }
}
